
Microsoft Visual Studio Solution File, Format Version 12.00
# Visual Studio Version 16
VisualStudioVersion = 16.0.31005.135
MinimumVisualStudioVersion = 10.0.40219.1
Project("{9A19103F-16F7-4668-BE54-9A1E7A4F7556}") = "APIGateway", "APIGateway\APIGateway.csproj", "{F7A27A58-AD04-4EFF-ADF3-78EF6F559094}"
EndProject
Project("{9A19103F-16F7-4668-BE54-9A1E7A4F7556}") = "UserInterfaceService", "UserInterfaceService\UserInterfaceService.csproj", "{A18EF82E-989D-4395-A11E-2CB68B46ABAC}"
EndProject
Project("{9A19103F-16F7-4668-BE54-9A1E7A4F7556}") = "ShareService", "ShareService\ShareService.csproj", "{00D4E1BD-42F0-4900-8881-260C2A9E20FD}"
EndProject
Project("{FAE04EC0-301F-11D3-BF4B-00C04F79EFBC}") = "ShareMonitoringService", "ShareMonitoringService\ShareMonitoringService.csproj", "{03FEEC3D-EED2-409D-927F-D563E1AFC3CF}"
EndProject
Project("{FAE04EC0-301F-11D3-BF4B-00C04F79EFBC}") = "TraderInfoService", "TraderInfoService\TraderInfoService.csproj", "{7E914769-0DEE-4BC3-A669-DF17DC7CB053}"
EndProject
Project("{FAE04EC0-301F-11D3-BF4B-00C04F79EFBC}") = "BrokerService", "BrokerService\BrokerService.csproj", "{070B63C7-3DD0-4329-8C29-63E3AF89A6AA}"
EndProject
Project("{FAE04EC0-301F-11D3-BF4B-00C04F79EFBC}") = "ShareHolderService", "ShareHolderService\ShareHolderService.csproj", "{2BCB9EB3-F237-4362-B5D0-B88C5C7D49E1}"
EndProject
Project("{FAE04EC0-301F-11D3-BF4B-00C04F79EFBC}") = "ShareAlertService", "ShareAlertService\ShareAlertService.csproj", "{43CA3316-A8A1-4C9F-9DFE-3EF287625EAD}"
EndProject
Global
	GlobalSection(SolutionConfigurationPlatforms) = preSolution
		Debug|Any CPU = Debug|Any CPU
		Release|Any CPU = Release|Any CPU
		RunAll|Any CPU = RunAll|Any CPU
	EndGlobalSection
	GlobalSection(ProjectConfigurationPlatforms) = postSolution
		{F7A27A58-AD04-4EFF-ADF3-78EF6F559094}.Debug|Any CPU.ActiveCfg = Debug|Any CPU
		{F7A27A58-AD04-4EFF-ADF3-78EF6F559094}.Debug|Any CPU.Build.0 = Debug|Any CPU
		{F7A27A58-AD04-4EFF-ADF3-78EF6F559094}.Release|Any CPU.ActiveCfg = Release|Any CPU
		{F7A27A58-AD04-4EFF-ADF3-78EF6F559094}.Release|Any CPU.Build.0 = Release|Any CPU
		{F7A27A58-AD04-4EFF-ADF3-78EF6F559094}.RunAll|Any CPU.ActiveCfg = RunAll|Any CPU
		{F7A27A58-AD04-4EFF-ADF3-78EF6F559094}.RunAll|Any CPU.Build.0 = RunAll|Any CPU
		{A18EF82E-989D-4395-A11E-2CB68B46ABAC}.Debug|Any CPU.ActiveCfg = Debug|Any CPU
		{A18EF82E-989D-4395-A11E-2CB68B46ABAC}.Debug|Any CPU.Build.0 = Debug|Any CPU
		{A18EF82E-989D-4395-A11E-2CB68B46ABAC}.Release|Any CPU.ActiveCfg = Release|Any CPU
		{A18EF82E-989D-4395-A11E-2CB68B46ABAC}.Release|Any CPU.Build.0 = Release|Any CPU
		{A18EF82E-989D-4395-A11E-2CB68B46ABAC}.RunAll|Any CPU.ActiveCfg = Release|Any CPU
		{A18EF82E-989D-4395-A11E-2CB68B46ABAC}.RunAll|Any CPU.Build.0 = Release|Any CPU
		{00D4E1BD-42F0-4900-8881-260C2A9E20FD}.Debug|Any CPU.ActiveCfg = Debug|Any CPU
		{00D4E1BD-42F0-4900-8881-260C2A9E20FD}.Debug|Any CPU.Build.0 = Debug|Any CPU
		{00D4E1BD-42F0-4900-8881-260C2A9E20FD}.Release|Any CPU.ActiveCfg = Release|Any CPU
		{00D4E1BD-42F0-4900-8881-260C2A9E20FD}.Release|Any CPU.Build.0 = Release|Any CPU
		{00D4E1BD-42F0-4900-8881-260C2A9E20FD}.RunAll|Any CPU.ActiveCfg = Release|Any CPU
		{00D4E1BD-42F0-4900-8881-260C2A9E20FD}.RunAll|Any CPU.Build.0 = Release|Any CPU
		{03FEEC3D-EED2-409D-927F-D563E1AFC3CF}.Debug|Any CPU.ActiveCfg = Debug|Any CPU
		{03FEEC3D-EED2-409D-927F-D563E1AFC3CF}.Debug|Any CPU.Build.0 = Debug|Any CPU
		{03FEEC3D-EED2-409D-927F-D563E1AFC3CF}.Release|Any CPU.ActiveCfg = Release|Any CPU
		{03FEEC3D-EED2-409D-927F-D563E1AFC3CF}.Release|Any CPU.Build.0 = Release|Any CPU
		{03FEEC3D-EED2-409D-927F-D563E1AFC3CF}.RunAll|Any CPU.ActiveCfg = Release|Any CPU
		{03FEEC3D-EED2-409D-927F-D563E1AFC3CF}.RunAll|Any CPU.Build.0 = Release|Any CPU
		{7E914769-0DEE-4BC3-A669-DF17DC7CB053}.Debug|Any CPU.ActiveCfg = Debug|Any CPU
		{7E914769-0DEE-4BC3-A669-DF17DC7CB053}.Debug|Any CPU.Build.0 = Debug|Any CPU
		{7E914769-0DEE-4BC3-A669-DF17DC7CB053}.Release|Any CPU.ActiveCfg = Release|Any CPU
		{7E914769-0DEE-4BC3-A669-DF17DC7CB053}.Release|Any CPU.Build.0 = Release|Any CPU
		{7E914769-0DEE-4BC3-A669-DF17DC7CB053}.RunAll|Any CPU.ActiveCfg = Release|Any CPU
		{7E914769-0DEE-4BC3-A669-DF17DC7CB053}.RunAll|Any CPU.Build.0 = Release|Any CPU
		{070B63C7-3DD0-4329-8C29-63E3AF89A6AA}.Debug|Any CPU.ActiveCfg = Debug|Any CPU
		{070B63C7-3DD0-4329-8C29-63E3AF89A6AA}.Debug|Any CPU.Build.0 = Debug|Any CPU
		{070B63C7-3DD0-4329-8C29-63E3AF89A6AA}.Release|Any CPU.ActiveCfg = Release|Any CPU
		{070B63C7-3DD0-4329-8C29-63E3AF89A6AA}.Release|Any CPU.Build.0 = Release|Any CPU
		{070B63C7-3DD0-4329-8C29-63E3AF89A6AA}.RunAll|Any CPU.ActiveCfg = Release|Any CPU
		{070B63C7-3DD0-4329-8C29-63E3AF89A6AA}.RunAll|Any CPU.Build.0 = Release|Any CPU
		{2BCB9EB3-F237-4362-B5D0-B88C5C7D49E1}.Debug|Any CPU.ActiveCfg = Debug|Any CPU
		{2BCB9EB3-F237-4362-B5D0-B88C5C7D49E1}.Debug|Any CPU.Build.0 = Debug|Any CPU
		{2BCB9EB3-F237-4362-B5D0-B88C5C7D49E1}.Release|Any CPU.ActiveCfg = Release|Any CPU
		{2BCB9EB3-F237-4362-B5D0-B88C5C7D49E1}.Release|Any CPU.Build.0 = Release|Any CPU
		{2BCB9EB3-F237-4362-B5D0-B88C5C7D49E1}.RunAll|Any CPU.ActiveCfg = Release|Any CPU
		{2BCB9EB3-F237-4362-B5D0-B88C5C7D49E1}.RunAll|Any CPU.Build.0 = Release|Any CPU
		{43CA3316-A8A1-4C9F-9DFE-3EF287625EAD}.Debug|Any CPU.ActiveCfg = Debug|Any CPU
		{43CA3316-A8A1-4C9F-9DFE-3EF287625EAD}.Debug|Any CPU.Build.0 = Debug|Any CPU
		{43CA3316-A8A1-4C9F-9DFE-3EF287625EAD}.Release|Any CPU.ActiveCfg = Release|Any CPU
		{43CA3316-A8A1-4C9F-9DFE-3EF287625EAD}.Release|Any CPU.Build.0 = Release|Any CPU
		{43CA3316-A8A1-4C9F-9DFE-3EF287625EAD}.RunAll|Any CPU.ActiveCfg = Release|Any CPU
		{43CA3316-A8A1-4C9F-9DFE-3EF287625EAD}.RunAll|Any CPU.Build.0 = Release|Any CPU
	EndGlobalSection
	GlobalSection(SolutionProperties) = preSolution
		HideSolutionNode = FALSE
	EndGlobalSection
	GlobalSection(ExtensibilityGlobals) = postSolution
		SolutionGuid = {A7EC0628-A797-43FE-86FD-FB3763BBC1B8}
	EndGlobalSection
EndGlobal
